github.com/fxsjy/gonn v0.0.0-20160129023951-bb82a6c319ea h1:1xNheLZvrZbi5ukmGz176rtUZ17/j12sKgui1TrbtCs=
github.com/fxsjy/gonn v0.0.0-20160129023951-bb82a6c319ea/go.mod h1:sTuY6zigKfMeSZqdOypwc1bej+9Ngjyj/Iqz2wmxDfc=
github.com/kirill-scherba/nnhelper v0.0.8 h1:jvjG/ZXEBKUBpvKFzwH9LZBLj8QaZ/rdxogYYjc1lNM=
github.com/kirill-scherba/nnhelper v0.0.8/go.mod h1:6ZyAqRvCJG6pn7uFLJtT1RksAIFtBdH4KZE3boX5QCo=
